
Microsoft Visual Studio Solution File, Format Version 12.00
# Visual Studio Version 16
VisualStudioVersion = 16.0.29503.13
MinimumVisualStudioVersion = 10.0.40219.1
Project("{8BC9CEB8-8B4A-11D0-8D11-00A0C91BC942}") = "NetModuleWrapper", "NetModuleWrapper\NetModuleWrapper.vcxproj", "{4E64B22D-3CA5-47C0-9C69-A7CABCF7AA41}"
EndProject
Project("{2150E333-8FDC-42A3-9474-1A3956D46DE8}") = "C Sharp", "C Sharp", "{5DA91778-B897-4C1B-8729-885B24CA7455}"
EndProject
Project("{2150E333-8FDC-42A3-9474-1A3956D46DE8}") = "C++", "C++", "{A1416335-865E-44F0-93F0-2F78714CF30E}"
EndProject
Project("{9A19103F-16F7-4668-BE54-9A1E7A4F7556}") = "MtaServer.Packets", "MtaServer.Packets\MtaServer.Packets.csproj", "{7A17C4E8-975D-4C8F-B2EA-06C2FB6A95E1}"
EndProject
Project("{9A19103F-16F7-4668-BE54-9A1E7A4F7556}") = "MtaServer.Server", "MtaServer.Server\MtaServer.Server.csproj", "{3553F673-3CEA-43F9-AEE4-57452B4198B4}"
EndProject
Project("{9A19103F-16F7-4668-BE54-9A1E7A4F7556}") = "MtaServer.Console", "MtaServer.Console\MtaServer.Console.csproj", "{C4A5BC86-F708-424B-AD52-B9DDDF469CDD}"
EndProject
Project("{9A19103F-16F7-4668-BE54-9A1E7A4F7556}") = "MtaServer.Net", "MtaServer.Net\MtaServer.Net.csproj", "{8A09A2F0-6D15-4FCD-9FE6-8E51293AA37C}"
EndProject
Project("{2150E333-8FDC-42A3-9474-1A3956D46DE8}") = "Tests", "Tests", "{53C45DDE-A29E-4C31-BFFB-104AD8CDC47C}"
EndProject
Project("{9A19103F-16F7-4668-BE54-9A1E7A4F7556}") = "MtaServer.Packets.Tests", "MtaServer.Packets.Tests\MtaServer.Packets.Tests.csproj", "{47B5D12C-8BB5-4276-BD29-3D786210531C}"
EndProject
Project("{9A19103F-16F7-4668-BE54-9A1E7A4F7556}") = "MtaServer.Server.Tests", "MtaServer.Server.Tests\MtaServer.Server.Tests.csproj", "{F957C6B5-CA50-413C-867F-05CF545F0A72}"
EndProject
Project("{FAE04EC0-301F-11D3-BF4B-00C04F79EFBC}") = "MtaServer.ConfigurationProviders", "MtaServer.ConfigurationProviders\MtaServer.ConfigurationProviders.csproj", "{25AAC8F6-1ED1-483B-84D5-551920A27D18}"
EndProject
Global
	GlobalSection(SolutionConfigurationPlatforms) = preSolution
		Debug|Any CPU = Debug|Any CPU
		Debug|x64 = Debug|x64
		Debug|x86 = Debug|x86
		Release|Any CPU = Release|Any CPU
		Release|x64 = Release|x64
		Release|x86 = Release|x86
	EndGlobalSection
	GlobalSection(ProjectConfigurationPlatforms) = postSolution
		{4E64B22D-3CA5-47C0-9C69-A7CABCF7AA41}.Debug|Any CPU.ActiveCfg = Debug|Win32
		{4E64B22D-3CA5-47C0-9C69-A7CABCF7AA41}.Debug|x64.ActiveCfg = Debug|x64
		{4E64B22D-3CA5-47C0-9C69-A7CABCF7AA41}.Debug|x64.Build.0 = Debug|x64
		{4E64B22D-3CA5-47C0-9C69-A7CABCF7AA41}.Debug|x86.ActiveCfg = Debug|Win32
		{4E64B22D-3CA5-47C0-9C69-A7CABCF7AA41}.Debug|x86.Build.0 = Debug|Win32
		{4E64B22D-3CA5-47C0-9C69-A7CABCF7AA41}.Release|Any CPU.ActiveCfg = Release|Win32
		{4E64B22D-3CA5-47C0-9C69-A7CABCF7AA41}.Release|x64.ActiveCfg = Release|x64
		{4E64B22D-3CA5-47C0-9C69-A7CABCF7AA41}.Release|x64.Build.0 = Release|x64
		{4E64B22D-3CA5-47C0-9C69-A7CABCF7AA41}.Release|x86.ActiveCfg = Release|Win32
		{4E64B22D-3CA5-47C0-9C69-A7CABCF7AA41}.Release|x86.Build.0 = Release|Win32
		{7A17C4E8-975D-4C8F-B2EA-06C2FB6A95E1}.Debug|Any CPU.ActiveCfg = Debug|Any CPU
		{7A17C4E8-975D-4C8F-B2EA-06C2FB6A95E1}.Debug|Any CPU.Build.0 = Debug|Any CPU
		{7A17C4E8-975D-4C8F-B2EA-06C2FB6A95E1}.Debug|x64.ActiveCfg = Debug|x64
		{7A17C4E8-975D-4C8F-B2EA-06C2FB6A95E1}.Debug|x64.Build.0 = Debug|x64
		{7A17C4E8-975D-4C8F-B2EA-06C2FB6A95E1}.Debug|x86.ActiveCfg = Debug|x86
		{7A17C4E8-975D-4C8F-B2EA-06C2FB6A95E1}.Debug|x86.Build.0 = Debug|x86
		{7A17C4E8-975D-4C8F-B2EA-06C2FB6A95E1}.Release|Any CPU.ActiveCfg = Release|Any CPU
		{7A17C4E8-975D-4C8F-B2EA-06C2FB6A95E1}.Release|Any CPU.Build.0 = Release|Any CPU
		{7A17C4E8-975D-4C8F-B2EA-06C2FB6A95E1}.Release|x64.ActiveCfg = Release|Any CPU
		{7A17C4E8-975D-4C8F-B2EA-06C2FB6A95E1}.Release|x64.Build.0 = Release|Any CPU
		{7A17C4E8-975D-4C8F-B2EA-06C2FB6A95E1}.Release|x86.ActiveCfg = Release|Any CPU
		{7A17C4E8-975D-4C8F-B2EA-06C2FB6A95E1}.Release|x86.Build.0 = Release|Any CPU
		{3553F673-3CEA-43F9-AEE4-57452B4198B4}.Debug|Any CPU.ActiveCfg = Debug|Any CPU
		{3553F673-3CEA-43F9-AEE4-57452B4198B4}.Debug|Any CPU.Build.0 = Debug|Any CPU
		{3553F673-3CEA-43F9-AEE4-57452B4198B4}.Debug|x64.ActiveCfg = Debug|x64
		{3553F673-3CEA-43F9-AEE4-57452B4198B4}.Debug|x64.Build.0 = Debug|x64
		{3553F673-3CEA-43F9-AEE4-57452B4198B4}.Debug|x86.ActiveCfg = Debug|x86
		{3553F673-3CEA-43F9-AEE4-57452B4198B4}.Debug|x86.Build.0 = Debug|x86
		{3553F673-3CEA-43F9-AEE4-57452B4198B4}.Release|Any CPU.ActiveCfg = Release|Any CPU
		{3553F673-3CEA-43F9-AEE4-57452B4198B4}.Release|Any CPU.Build.0 = Release|Any CPU
		{3553F673-3CEA-43F9-AEE4-57452B4198B4}.Release|x64.ActiveCfg = Release|Any CPU
		{3553F673-3CEA-43F9-AEE4-57452B4198B4}.Release|x64.Build.0 = Release|Any CPU
		{3553F673-3CEA-43F9-AEE4-57452B4198B4}.Release|x86.ActiveCfg = Release|Any CPU
		{3553F673-3CEA-43F9-AEE4-57452B4198B4}.Release|x86.Build.0 = Release|Any CPU
		{C4A5BC86-F708-424B-AD52-B9DDDF469CDD}.Debug|Any CPU.ActiveCfg = Debug|Any CPU
		{C4A5BC86-F708-424B-AD52-B9DDDF469CDD}.Debug|Any CPU.Build.0 = Debug|Any CPU
		{C4A5BC86-F708-424B-AD52-B9DDDF469CDD}.Debug|x64.ActiveCfg = Debug|x64
		{C4A5BC86-F708-424B-AD52-B9DDDF469CDD}.Debug|x64.Build.0 = Debug|x64
		{C4A5BC86-F708-424B-AD52-B9DDDF469CDD}.Debug|x86.ActiveCfg = Debug|x86
		{C4A5BC86-F708-424B-AD52-B9DDDF469CDD}.Debug|x86.Build.0 = Debug|x86
		{C4A5BC86-F708-424B-AD52-B9DDDF469CDD}.Release|Any CPU.ActiveCfg = Release|Any CPU
		{C4A5BC86-F708-424B-AD52-B9DDDF469CDD}.Release|Any CPU.Build.0 = Release|Any CPU
		{C4A5BC86-F708-424B-AD52-B9DDDF469CDD}.Release|x64.ActiveCfg = Release|Any CPU
		{C4A5BC86-F708-424B-AD52-B9DDDF469CDD}.Release|x64.Build.0 = Release|Any CPU
		{C4A5BC86-F708-424B-AD52-B9DDDF469CDD}.Release|x86.ActiveCfg = Release|Any CPU
		{C4A5BC86-F708-424B-AD52-B9DDDF469CDD}.Release|x86.Build.0 = Release|Any CPU
		{8A09A2F0-6D15-4FCD-9FE6-8E51293AA37C}.Debug|Any CPU.ActiveCfg = Debug|Any CPU
		{8A09A2F0-6D15-4FCD-9FE6-8E51293AA37C}.Debug|Any CPU.Build.0 = Debug|Any CPU
		{8A09A2F0-6D15-4FCD-9FE6-8E51293AA37C}.Debug|x64.ActiveCfg = Debug|x64
		{8A09A2F0-6D15-4FCD-9FE6-8E51293AA37C}.Debug|x64.Build.0 = Debug|x64
		{8A09A2F0-6D15-4FCD-9FE6-8E51293AA37C}.Debug|x86.ActiveCfg = Debug|x86
		{8A09A2F0-6D15-4FCD-9FE6-8E51293AA37C}.Debug|x86.Build.0 = Debug|x86
		{8A09A2F0-6D15-4FCD-9FE6-8E51293AA37C}.Release|Any CPU.ActiveCfg = Release|Any CPU
		{8A09A2F0-6D15-4FCD-9FE6-8E51293AA37C}.Release|Any CPU.Build.0 = Release|Any CPU
		{8A09A2F0-6D15-4FCD-9FE6-8E51293AA37C}.Release|x64.ActiveCfg = Release|Any CPU
		{8A09A2F0-6D15-4FCD-9FE6-8E51293AA37C}.Release|x64.Build.0 = Release|Any CPU
		{8A09A2F0-6D15-4FCD-9FE6-8E51293AA37C}.Release|x86.ActiveCfg = Release|Any CPU
		{8A09A2F0-6D15-4FCD-9FE6-8E51293AA37C}.Release|x86.Build.0 = Release|Any CPU
		{47B5D12C-8BB5-4276-BD29-3D786210531C}.Debug|Any CPU.ActiveCfg = Debug|Any CPU
		{47B5D12C-8BB5-4276-BD29-3D786210531C}.Debug|Any CPU.Build.0 = Debug|Any CPU
		{47B5D12C-8BB5-4276-BD29-3D786210531C}.Debug|x64.ActiveCfg = Debug|x64
		{47B5D12C-8BB5-4276-BD29-3D786210531C}.Debug|x64.Build.0 = Debug|x64
		{47B5D12C-8BB5-4276-BD29-3D786210531C}.Debug|x86.ActiveCfg = Debug|x86
		{47B5D12C-8BB5-4276-BD29-3D786210531C}.Debug|x86.Build.0 = Debug|x86
		{47B5D12C-8BB5-4276-BD29-3D786210531C}.Release|Any CPU.ActiveCfg = Release|Any CPU
		{47B5D12C-8BB5-4276-BD29-3D786210531C}.Release|Any CPU.Build.0 = Release|Any CPU
		{47B5D12C-8BB5-4276-BD29-3D786210531C}.Release|x64.ActiveCfg = Release|Any CPU
		{47B5D12C-8BB5-4276-BD29-3D786210531C}.Release|x64.Build.0 = Release|Any CPU
		{47B5D12C-8BB5-4276-BD29-3D786210531C}.Release|x86.ActiveCfg = Release|Any CPU
		{47B5D12C-8BB5-4276-BD29-3D786210531C}.Release|x86.Build.0 = Release|Any CPU
		{F957C6B5-CA50-413C-867F-05CF545F0A72}.Debug|Any CPU.ActiveCfg = Debug|Any CPU
		{F957C6B5-CA50-413C-867F-05CF545F0A72}.Debug|Any CPU.Build.0 = Debug|Any CPU
		{F957C6B5-CA50-413C-867F-05CF545F0A72}.Debug|x64.ActiveCfg = Debug|x64
		{F957C6B5-CA50-413C-867F-05CF545F0A72}.Debug|x64.Build.0 = Debug|x64
		{F957C6B5-CA50-413C-867F-05CF545F0A72}.Debug|x86.ActiveCfg = Debug|x86
		{F957C6B5-CA50-413C-867F-05CF545F0A72}.Debug|x86.Build.0 = Debug|x86
		{F957C6B5-CA50-413C-867F-05CF545F0A72}.Release|Any CPU.ActiveCfg = Release|Any CPU
		{F957C6B5-CA50-413C-867F-05CF545F0A72}.Release|Any CPU.Build.0 = Release|Any CPU
		{F957C6B5-CA50-413C-867F-05CF545F0A72}.Release|x64.ActiveCfg = Release|Any CPU
		{F957C6B5-CA50-413C-867F-05CF545F0A72}.Release|x64.Build.0 = Release|Any CPU
		{F957C6B5-CA50-413C-867F-05CF545F0A72}.Release|x86.ActiveCfg = Release|Any CPU
		{F957C6B5-CA50-413C-867F-05CF545F0A72}.Release|x86.Build.0 = Release|Any CPU
		{25AAC8F6-1ED1-483B-84D5-551920A27D18}.Debug|Any CPU.ActiveCfg = Debug|Any CPU
		{25AAC8F6-1ED1-483B-84D5-551920A27D18}.Debug|Any CPU.Build.0 = Debug|Any CPU
		{25AAC8F6-1ED1-483B-84D5-551920A27D18}.Debug|x64.ActiveCfg = Debug|Any CPU
		{25AAC8F6-1ED1-483B-84D5-551920A27D18}.Debug|x64.Build.0 = Debug|Any CPU
		{25AAC8F6-1ED1-483B-84D5-551920A27D18}.Debug|x86.ActiveCfg = Debug|Any CPU
		{25AAC8F6-1ED1-483B-84D5-551920A27D18}.Debug|x86.Build.0 = Debug|Any CPU
		{25AAC8F6-1ED1-483B-84D5-551920A27D18}.Release|Any CPU.ActiveCfg = Release|Any CPU
		{25AAC8F6-1ED1-483B-84D5-551920A27D18}.Release|Any CPU.Build.0 = Release|Any CPU
		{25AAC8F6-1ED1-483B-84D5-551920A27D18}.Release|x64.ActiveCfg = Release|Any CPU
		{25AAC8F6-1ED1-483B-84D5-551920A27D18}.Release|x64.Build.0 = Release|Any CPU
		{25AAC8F6-1ED1-483B-84D5-551920A27D18}.Release|x86.ActiveCfg = Release|Any CPU
		{25AAC8F6-1ED1-483B-84D5-551920A27D18}.Release|x86.Build.0 = Release|Any CPU
	EndGlobalSection
	GlobalSection(SolutionProperties) = preSolution
		HideSolutionNode = FALSE
	EndGlobalSection
	GlobalSection(NestedProjects) = preSolution
		{4E64B22D-3CA5-47C0-9C69-A7CABCF7AA41} = {A1416335-865E-44F0-93F0-2F78714CF30E}
		{7A17C4E8-975D-4C8F-B2EA-06C2FB6A95E1} = {5DA91778-B897-4C1B-8729-885B24CA7455}
		{3553F673-3CEA-43F9-AEE4-57452B4198B4} = {5DA91778-B897-4C1B-8729-885B24CA7455}
		{C4A5BC86-F708-424B-AD52-B9DDDF469CDD} = {5DA91778-B897-4C1B-8729-885B24CA7455}
		{8A09A2F0-6D15-4FCD-9FE6-8E51293AA37C} = {5DA91778-B897-4C1B-8729-885B24CA7455}
		{47B5D12C-8BB5-4276-BD29-3D786210531C} = {53C45DDE-A29E-4C31-BFFB-104AD8CDC47C}
		{F957C6B5-CA50-413C-867F-05CF545F0A72} = {53C45DDE-A29E-4C31-BFFB-104AD8CDC47C}
		{25AAC8F6-1ED1-483B-84D5-551920A27D18} = {5DA91778-B897-4C1B-8729-885B24CA7455}
	EndGlobalSection
	GlobalSection(ExtensibilityGlobals) = postSolution
		SolutionGuid = {E5DA52B5-6C04-4C6F-B5E3-3A7441C58986}
	EndGlobalSection
EndGlobal
