
Microsoft Visual Studio Solution File, Format Version 12.00
# Visual Studio Version 17
VisualStudioVersion = 17.0.31903.59
MinimumVisualStudioVersion = 10.0.40219.1
Project("{8BC9CEB8-8B4A-11D0-8D11-00A0C91BC942}") = "NetModuleWrapper", "NetModuleWrapper\NetModuleWrapper.vcxproj", "{4E64B22D-3CA5-47C0-9C69-A7CABCF7AA41}"
EndProject
Project("{2150E333-8FDC-42A3-9474-1A3956D46DE8}") = "C Sharp", "C Sharp", "{5DA91778-B897-4C1B-8729-885B24CA7455}"
EndProject
Project("{2150E333-8FDC-42A3-9474-1A3956D46DE8}") = "C++", "C++", "{A1416335-865E-44F0-93F0-2F78714CF30E}"
EndProject
Project("{9A19103F-16F7-4668-BE54-9A1E7A4F7556}") = "SlipeServer.Packets", "SlipeServer.Packets\SlipeServer.Packets.csproj", "{7A17C4E8-975D-4C8F-B2EA-06C2FB6A95E1}"
EndProject
Project("{9A19103F-16F7-4668-BE54-9A1E7A4F7556}") = "SlipeServer.Server", "SlipeServer.Server\SlipeServer.Server.csproj", "{3553F673-3CEA-43F9-AEE4-57452B4198B4}"
EndProject
Project("{9A19103F-16F7-4668-BE54-9A1E7A4F7556}") = "SlipeServer.Console", "SlipeServer.Console\SlipeServer.Console.csproj", "{C4A5BC86-F708-424B-AD52-B9DDDF469CDD}"
EndProject
Project("{9A19103F-16F7-4668-BE54-9A1E7A4F7556}") = "SlipeServer.Net", "SlipeServer.Net\SlipeServer.Net.csproj", "{8A09A2F0-6D15-4FCD-9FE6-8E51293AA37C}"
EndProject
Project("{2150E333-8FDC-42A3-9474-1A3956D46DE8}") = "Tests", "Tests", "{53C45DDE-A29E-4C31-BFFB-104AD8CDC47C}"
EndProject
Project("{9A19103F-16F7-4668-BE54-9A1E7A4F7556}") = "SlipeServer.Packets.Tests", "SlipeServer.Packets.Tests\SlipeServer.Packets.Tests.csproj", "{47B5D12C-8BB5-4276-BD29-3D786210531C}"
EndProject
Project("{9A19103F-16F7-4668-BE54-9A1E7A4F7556}") = "SlipeServer.Server.Tests", "SlipeServer.Server.Tests\SlipeServer.Server.Tests.csproj", "{F957C6B5-CA50-413C-867F-05CF545F0A72}"
EndProject
Project("{9A19103F-16F7-4668-BE54-9A1E7A4F7556}") = "SlipeServer.ConfigurationProviders", "SlipeServer.ConfigurationProviders\SlipeServer.ConfigurationProviders.csproj", "{25AAC8F6-1ED1-483B-84D5-551920A27D18}"
EndProject
Project("{2150E333-8FDC-42A3-9474-1A3956D46DE8}") = "Example", "Example", "{9A8750C3-0CC3-411D-A234-7869E2D54ECD}"
EndProject
Project("{2150E333-8FDC-42A3-9474-1A3956D46DE8}") = "Library", "Library", "{B3A80CC0-E848-4F30-964D-1654DEB9284F}"
EndProject
Project("{9A19103F-16F7-4668-BE54-9A1E7A4F7556}") = "SlipeServer.Server.TestTools", "SlipeServer.Server.TestTools\SlipeServer.Server.TestTools.csproj", "{AF4B6427-E541-48A0-85DD-088C711017AE}"
EndProject
Project("{9A19103F-16F7-4668-BE54-9A1E7A4F7556}") = "SlipeServer.Lua", "SlipeServer.Lua\SlipeServer.Lua.csproj", "{F301E925-A4E9-47D2-AE59-BD86536C8795}"
EndProject
Project("{9A19103F-16F7-4668-BE54-9A1E7A4F7556}") = "SlipeServer.Scripting", "SlipeServer.Scripting\SlipeServer.Scripting.csproj", "{4146928E-A52C-4E9D-A398-5BF0C4F53662}"
EndProject
Project("{2150E333-8FDC-42A3-9474-1A3956D46DE8}") = "Scripting", "Scripting", "{DEAEE2A1-118A-4ED7-8CC5-7C446ED97AE3}"
EndProject
Project("{2150E333-8FDC-42A3-9474-1A3956D46DE8}") = "Solution Items", "Solution Items", "{B48D22BE-3412-4C0B-8203-EAA1D958117E}"
	ProjectSection(SolutionItems) = preProject
		.editorconfig = .editorconfig
	EndProjectSection
EndProject
Project("{9A19103F-16F7-4668-BE54-9A1E7A4F7556}") = "SlipeServer.Physics", "SlipeServer.Physics\SlipeServer.Physics.csproj", "{5AFBB1EC-64D1-4ECE-82DC-154CFF2FCB57}"
EndProject
Project("{9A19103F-16F7-4668-BE54-9A1E7A4F7556}") = "SlipeServer.SourceGenerators", "SlipeServer.SourceGenerators\SlipeServer.SourceGenerators.csproj", "{BA0A2656-204A-4663-BB1F-8361B0EDD7D1}"
EndProject
Global
	GlobalSection(SolutionConfigurationPlatforms) = preSolution
		Debug|Any CPU = Debug|Any CPU
		Debug|x64 = Debug|x64
		Debug|x86 = Debug|x86
		Release|Any CPU = Release|Any CPU
		Release|x64 = Release|x64
		Release|x86 = Release|x86
	EndGlobalSection
	GlobalSection(ProjectConfigurationPlatforms) = postSolution
		{4E64B22D-3CA5-47C0-9C69-A7CABCF7AA41}.Debug|Any CPU.ActiveCfg = Debug|x64
		{4E64B22D-3CA5-47C0-9C69-A7CABCF7AA41}.Debug|x64.ActiveCfg = Debug|x64
		{4E64B22D-3CA5-47C0-9C69-A7CABCF7AA41}.Debug|x64.Build.0 = Debug|x64
		{4E64B22D-3CA5-47C0-9C69-A7CABCF7AA41}.Debug|x86.ActiveCfg = Debug|Win32
		{4E64B22D-3CA5-47C0-9C69-A7CABCF7AA41}.Debug|x86.Build.0 = Debug|Win32
		{4E64B22D-3CA5-47C0-9C69-A7CABCF7AA41}.Release|Any CPU.ActiveCfg = Release|x64
		{4E64B22D-3CA5-47C0-9C69-A7CABCF7AA41}.Release|x64.ActiveCfg = Release|x64
		{4E64B22D-3CA5-47C0-9C69-A7CABCF7AA41}.Release|x64.Build.0 = Release|x64
		{4E64B22D-3CA5-47C0-9C69-A7CABCF7AA41}.Release|x86.ActiveCfg = Release|Win32
		{4E64B22D-3CA5-47C0-9C69-A7CABCF7AA41}.Release|x86.Build.0 = Release|Win32
		{7A17C4E8-975D-4C8F-B2EA-06C2FB6A95E1}.Debug|Any CPU.ActiveCfg = Debug|Any CPU
		{7A17C4E8-975D-4C8F-B2EA-06C2FB6A95E1}.Debug|Any CPU.Build.0 = Debug|Any CPU
		{7A17C4E8-975D-4C8F-B2EA-06C2FB6A95E1}.Debug|x64.ActiveCfg = Debug|x64
		{7A17C4E8-975D-4C8F-B2EA-06C2FB6A95E1}.Debug|x64.Build.0 = Debug|x64
		{7A17C4E8-975D-4C8F-B2EA-06C2FB6A95E1}.Debug|x86.ActiveCfg = Debug|x86
		{7A17C4E8-975D-4C8F-B2EA-06C2FB6A95E1}.Debug|x86.Build.0 = Debug|x86
		{7A17C4E8-975D-4C8F-B2EA-06C2FB6A95E1}.Release|Any CPU.ActiveCfg = Release|Any CPU
		{7A17C4E8-975D-4C8F-B2EA-06C2FB6A95E1}.Release|Any CPU.Build.0 = Release|Any CPU
		{7A17C4E8-975D-4C8F-B2EA-06C2FB6A95E1}.Release|x64.ActiveCfg = Release|x64
		{7A17C4E8-975D-4C8F-B2EA-06C2FB6A95E1}.Release|x64.Build.0 = Release|x64
		{7A17C4E8-975D-4C8F-B2EA-06C2FB6A95E1}.Release|x86.ActiveCfg = Release|x86
		{7A17C4E8-975D-4C8F-B2EA-06C2FB6A95E1}.Release|x86.Build.0 = Release|x86
		{3553F673-3CEA-43F9-AEE4-57452B4198B4}.Debug|Any CPU.ActiveCfg = Debug|Any CPU
		{3553F673-3CEA-43F9-AEE4-57452B4198B4}.Debug|Any CPU.Build.0 = Debug|Any CPU
		{3553F673-3CEA-43F9-AEE4-57452B4198B4}.Debug|x64.ActiveCfg = Debug|x64
		{3553F673-3CEA-43F9-AEE4-57452B4198B4}.Debug|x64.Build.0 = Debug|x64
		{3553F673-3CEA-43F9-AEE4-57452B4198B4}.Debug|x86.ActiveCfg = Debug|x86
		{3553F673-3CEA-43F9-AEE4-57452B4198B4}.Debug|x86.Build.0 = Debug|x86
		{3553F673-3CEA-43F9-AEE4-57452B4198B4}.Release|Any CPU.ActiveCfg = Release|Any CPU
		{3553F673-3CEA-43F9-AEE4-57452B4198B4}.Release|Any CPU.Build.0 = Release|Any CPU
		{3553F673-3CEA-43F9-AEE4-57452B4198B4}.Release|x64.ActiveCfg = Release|x64
		{3553F673-3CEA-43F9-AEE4-57452B4198B4}.Release|x64.Build.0 = Release|x64
		{3553F673-3CEA-43F9-AEE4-57452B4198B4}.Release|x86.ActiveCfg = Release|x86
		{3553F673-3CEA-43F9-AEE4-57452B4198B4}.Release|x86.Build.0 = Release|x86
		{C4A5BC86-F708-424B-AD52-B9DDDF469CDD}.Debug|Any CPU.ActiveCfg = Debug|Any CPU
		{C4A5BC86-F708-424B-AD52-B9DDDF469CDD}.Debug|Any CPU.Build.0 = Debug|Any CPU
		{C4A5BC86-F708-424B-AD52-B9DDDF469CDD}.Debug|x64.ActiveCfg = Debug|x64
		{C4A5BC86-F708-424B-AD52-B9DDDF469CDD}.Debug|x64.Build.0 = Debug|x64
		{C4A5BC86-F708-424B-AD52-B9DDDF469CDD}.Debug|x86.ActiveCfg = Debug|x86
		{C4A5BC86-F708-424B-AD52-B9DDDF469CDD}.Debug|x86.Build.0 = Debug|x86
		{C4A5BC86-F708-424B-AD52-B9DDDF469CDD}.Release|Any CPU.ActiveCfg = Release|Any CPU
		{C4A5BC86-F708-424B-AD52-B9DDDF469CDD}.Release|Any CPU.Build.0 = Release|Any CPU
		{C4A5BC86-F708-424B-AD52-B9DDDF469CDD}.Release|x64.ActiveCfg = Release|x64
		{C4A5BC86-F708-424B-AD52-B9DDDF469CDD}.Release|x64.Build.0 = Release|x64
		{C4A5BC86-F708-424B-AD52-B9DDDF469CDD}.Release|x86.ActiveCfg = Release|x86
		{C4A5BC86-F708-424B-AD52-B9DDDF469CDD}.Release|x86.Build.0 = Release|x86
		{8A09A2F0-6D15-4FCD-9FE6-8E51293AA37C}.Debug|Any CPU.ActiveCfg = Debug|Any CPU
		{8A09A2F0-6D15-4FCD-9FE6-8E51293AA37C}.Debug|Any CPU.Build.0 = Debug|Any CPU
		{8A09A2F0-6D15-4FCD-9FE6-8E51293AA37C}.Debug|x64.ActiveCfg = Debug|x64
		{8A09A2F0-6D15-4FCD-9FE6-8E51293AA37C}.Debug|x64.Build.0 = Debug|x64
		{8A09A2F0-6D15-4FCD-9FE6-8E51293AA37C}.Debug|x86.ActiveCfg = Debug|x86
		{8A09A2F0-6D15-4FCD-9FE6-8E51293AA37C}.Debug|x86.Build.0 = Debug|x86
		{8A09A2F0-6D15-4FCD-9FE6-8E51293AA37C}.Release|Any CPU.ActiveCfg = Release|Any CPU
		{8A09A2F0-6D15-4FCD-9FE6-8E51293AA37C}.Release|Any CPU.Build.0 = Release|Any CPU
		{8A09A2F0-6D15-4FCD-9FE6-8E51293AA37C}.Release|x64.ActiveCfg = Release|x64
		{8A09A2F0-6D15-4FCD-9FE6-8E51293AA37C}.Release|x64.Build.0 = Release|x64
		{8A09A2F0-6D15-4FCD-9FE6-8E51293AA37C}.Release|x86.ActiveCfg = Release|x86
		{8A09A2F0-6D15-4FCD-9FE6-8E51293AA37C}.Release|x86.Build.0 = Release|x86
		{47B5D12C-8BB5-4276-BD29-3D786210531C}.Debug|Any CPU.ActiveCfg = Debug|Any CPU
		{47B5D12C-8BB5-4276-BD29-3D786210531C}.Debug|Any CPU.Build.0 = Debug|Any CPU
		{47B5D12C-8BB5-4276-BD29-3D786210531C}.Debug|x64.ActiveCfg = Debug|x64
		{47B5D12C-8BB5-4276-BD29-3D786210531C}.Debug|x64.Build.0 = Debug|x64
		{47B5D12C-8BB5-4276-BD29-3D786210531C}.Debug|x86.ActiveCfg = Debug|x86
		{47B5D12C-8BB5-4276-BD29-3D786210531C}.Debug|x86.Build.0 = Debug|x86
		{47B5D12C-8BB5-4276-BD29-3D786210531C}.Release|Any CPU.ActiveCfg = Release|Any CPU
		{47B5D12C-8BB5-4276-BD29-3D786210531C}.Release|Any CPU.Build.0 = Release|Any CPU
		{47B5D12C-8BB5-4276-BD29-3D786210531C}.Release|x64.ActiveCfg = Release|x64
		{47B5D12C-8BB5-4276-BD29-3D786210531C}.Release|x64.Build.0 = Release|x64
		{47B5D12C-8BB5-4276-BD29-3D786210531C}.Release|x86.ActiveCfg = Release|x86
		{47B5D12C-8BB5-4276-BD29-3D786210531C}.Release|x86.Build.0 = Release|x86
		{F957C6B5-CA50-413C-867F-05CF545F0A72}.Debug|Any CPU.ActiveCfg = Debug|Any CPU
		{F957C6B5-CA50-413C-867F-05CF545F0A72}.Debug|Any CPU.Build.0 = Debug|Any CPU
		{F957C6B5-CA50-413C-867F-05CF545F0A72}.Debug|x64.ActiveCfg = Debug|x64
		{F957C6B5-CA50-413C-867F-05CF545F0A72}.Debug|x64.Build.0 = Debug|x64
		{F957C6B5-CA50-413C-867F-05CF545F0A72}.Debug|x86.ActiveCfg = Debug|x86
		{F957C6B5-CA50-413C-867F-05CF545F0A72}.Debug|x86.Build.0 = Debug|x86
		{F957C6B5-CA50-413C-867F-05CF545F0A72}.Release|Any CPU.ActiveCfg = Release|Any CPU
		{F957C6B5-CA50-413C-867F-05CF545F0A72}.Release|Any CPU.Build.0 = Release|Any CPU
		{F957C6B5-CA50-413C-867F-05CF545F0A72}.Release|x64.ActiveCfg = Release|x64
		{F957C6B5-CA50-413C-867F-05CF545F0A72}.Release|x64.Build.0 = Release|x64
		{F957C6B5-CA50-413C-867F-05CF545F0A72}.Release|x86.ActiveCfg = Release|x86
		{F957C6B5-CA50-413C-867F-05CF545F0A72}.Release|x86.Build.0 = Release|x86
		{25AAC8F6-1ED1-483B-84D5-551920A27D18}.Debug|Any CPU.ActiveCfg = Debug|Any CPU
		{25AAC8F6-1ED1-483B-84D5-551920A27D18}.Debug|Any CPU.Build.0 = Debug|Any CPU
		{25AAC8F6-1ED1-483B-84D5-551920A27D18}.Debug|x64.ActiveCfg = Debug|x64
		{25AAC8F6-1ED1-483B-84D5-551920A27D18}.Debug|x64.Build.0 = Debug|x64
		{25AAC8F6-1ED1-483B-84D5-551920A27D18}.Debug|x86.ActiveCfg = Debug|x86
		{25AAC8F6-1ED1-483B-84D5-551920A27D18}.Debug|x86.Build.0 = Debug|x86
		{25AAC8F6-1ED1-483B-84D5-551920A27D18}.Release|Any CPU.ActiveCfg = Release|Any CPU
		{25AAC8F6-1ED1-483B-84D5-551920A27D18}.Release|Any CPU.Build.0 = Release|Any CPU
		{25AAC8F6-1ED1-483B-84D5-551920A27D18}.Release|x64.ActiveCfg = Release|x64
		{25AAC8F6-1ED1-483B-84D5-551920A27D18}.Release|x64.Build.0 = Release|x64
		{25AAC8F6-1ED1-483B-84D5-551920A27D18}.Release|x86.ActiveCfg = Release|x86
		{25AAC8F6-1ED1-483B-84D5-551920A27D18}.Release|x86.Build.0 = Release|x86
		{AF4B6427-E541-48A0-85DD-088C711017AE}.Debug|Any CPU.ActiveCfg = Debug|Any CPU
		{AF4B6427-E541-48A0-85DD-088C711017AE}.Debug|Any CPU.Build.0 = Debug|Any CPU
		{AF4B6427-E541-48A0-85DD-088C711017AE}.Debug|x64.ActiveCfg = Debug|x64
		{AF4B6427-E541-48A0-85DD-088C711017AE}.Debug|x64.Build.0 = Debug|x64
		{AF4B6427-E541-48A0-85DD-088C711017AE}.Debug|x86.ActiveCfg = Debug|x86
		{AF4B6427-E541-48A0-85DD-088C711017AE}.Debug|x86.Build.0 = Debug|x86
		{AF4B6427-E541-48A0-85DD-088C711017AE}.Release|Any CPU.ActiveCfg = Release|Any CPU
		{AF4B6427-E541-48A0-85DD-088C711017AE}.Release|Any CPU.Build.0 = Release|Any CPU
		{AF4B6427-E541-48A0-85DD-088C711017AE}.Release|x64.ActiveCfg = Release|x64
		{AF4B6427-E541-48A0-85DD-088C711017AE}.Release|x64.Build.0 = Release|x64
		{AF4B6427-E541-48A0-85DD-088C711017AE}.Release|x86.ActiveCfg = Release|x86
		{AF4B6427-E541-48A0-85DD-088C711017AE}.Release|x86.Build.0 = Release|x86
		{F301E925-A4E9-47D2-AE59-BD86536C8795}.Debug|Any CPU.ActiveCfg = Debug|Any CPU
		{F301E925-A4E9-47D2-AE59-BD86536C8795}.Debug|Any CPU.Build.0 = Debug|Any CPU
		{F301E925-A4E9-47D2-AE59-BD86536C8795}.Debug|x64.ActiveCfg = Debug|x64
		{F301E925-A4E9-47D2-AE59-BD86536C8795}.Debug|x64.Build.0 = Debug|x64
		{F301E925-A4E9-47D2-AE59-BD86536C8795}.Debug|x86.ActiveCfg = Debug|x86
		{F301E925-A4E9-47D2-AE59-BD86536C8795}.Debug|x86.Build.0 = Debug|x86
		{F301E925-A4E9-47D2-AE59-BD86536C8795}.Release|Any CPU.ActiveCfg = Release|Any CPU
		{F301E925-A4E9-47D2-AE59-BD86536C8795}.Release|Any CPU.Build.0 = Release|Any CPU
		{F301E925-A4E9-47D2-AE59-BD86536C8795}.Release|x64.ActiveCfg = Release|x64
		{F301E925-A4E9-47D2-AE59-BD86536C8795}.Release|x64.Build.0 = Release|x64
		{F301E925-A4E9-47D2-AE59-BD86536C8795}.Release|x86.ActiveCfg = Release|x86
		{F301E925-A4E9-47D2-AE59-BD86536C8795}.Release|x86.Build.0 = Release|x86
		{4146928E-A52C-4E9D-A398-5BF0C4F53662}.Debug|Any CPU.ActiveCfg = Debug|Any CPU
		{4146928E-A52C-4E9D-A398-5BF0C4F53662}.Debug|Any CPU.Build.0 = Debug|Any CPU
		{4146928E-A52C-4E9D-A398-5BF0C4F53662}.Debug|x64.ActiveCfg = Debug|x64
		{4146928E-A52C-4E9D-A398-5BF0C4F53662}.Debug|x64.Build.0 = Debug|x64
		{4146928E-A52C-4E9D-A398-5BF0C4F53662}.Debug|x86.ActiveCfg = Debug|x86
		{4146928E-A52C-4E9D-A398-5BF0C4F53662}.Debug|x86.Build.0 = Debug|x86
		{4146928E-A52C-4E9D-A398-5BF0C4F53662}.Release|Any CPU.ActiveCfg = Release|Any CPU
		{4146928E-A52C-4E9D-A398-5BF0C4F53662}.Release|Any CPU.Build.0 = Release|Any CPU
		{4146928E-A52C-4E9D-A398-5BF0C4F53662}.Release|x64.ActiveCfg = Release|x64
		{4146928E-A52C-4E9D-A398-5BF0C4F53662}.Release|x64.Build.0 = Release|x64
		{4146928E-A52C-4E9D-A398-5BF0C4F53662}.Release|x86.ActiveCfg = Release|x86
		{4146928E-A52C-4E9D-A398-5BF0C4F53662}.Release|x86.Build.0 = Release|x86
		{5AFBB1EC-64D1-4ECE-82DC-154CFF2FCB57}.Debug|Any CPU.ActiveCfg = Debug|Any CPU
		{5AFBB1EC-64D1-4ECE-82DC-154CFF2FCB57}.Debug|Any CPU.Build.0 = Debug|Any CPU
		{5AFBB1EC-64D1-4ECE-82DC-154CFF2FCB57}.Debug|x64.ActiveCfg = Debug|Any CPU
		{5AFBB1EC-64D1-4ECE-82DC-154CFF2FCB57}.Debug|x64.Build.0 = Debug|Any CPU
		{5AFBB1EC-64D1-4ECE-82DC-154CFF2FCB57}.Debug|x86.ActiveCfg = Debug|Any CPU
		{5AFBB1EC-64D1-4ECE-82DC-154CFF2FCB57}.Debug|x86.Build.0 = Debug|Any CPU
		{5AFBB1EC-64D1-4ECE-82DC-154CFF2FCB57}.Release|Any CPU.ActiveCfg = Release|Any CPU
		{5AFBB1EC-64D1-4ECE-82DC-154CFF2FCB57}.Release|Any CPU.Build.0 = Release|Any CPU
		{5AFBB1EC-64D1-4ECE-82DC-154CFF2FCB57}.Release|x64.ActiveCfg = Release|x64
		{5AFBB1EC-64D1-4ECE-82DC-154CFF2FCB57}.Release|x64.Build.0 = Release|x64
		{5AFBB1EC-64D1-4ECE-82DC-154CFF2FCB57}.Release|x86.ActiveCfg = Release|x86
		{5AFBB1EC-64D1-4ECE-82DC-154CFF2FCB57}.Release|x86.Build.0 = Release|x86
		{BA0A2656-204A-4663-BB1F-8361B0EDD7D1}.Debug|Any CPU.ActiveCfg = Debug|Any CPU
		{BA0A2656-204A-4663-BB1F-8361B0EDD7D1}.Debug|Any CPU.Build.0 = Debug|Any CPU
		{BA0A2656-204A-4663-BB1F-8361B0EDD7D1}.Debug|x64.ActiveCfg = Debug|Any CPU
		{BA0A2656-204A-4663-BB1F-8361B0EDD7D1}.Debug|x64.Build.0 = Debug|Any CPU
		{BA0A2656-204A-4663-BB1F-8361B0EDD7D1}.Debug|x86.ActiveCfg = Debug|Any CPU
		{BA0A2656-204A-4663-BB1F-8361B0EDD7D1}.Debug|x86.Build.0 = Debug|Any CPU
		{BA0A2656-204A-4663-BB1F-8361B0EDD7D1}.Release|Any CPU.ActiveCfg = Release|Any CPU
		{BA0A2656-204A-4663-BB1F-8361B0EDD7D1}.Release|Any CPU.Build.0 = Release|Any CPU
		{BA0A2656-204A-4663-BB1F-8361B0EDD7D1}.Release|x64.ActiveCfg = Release|x64
		{BA0A2656-204A-4663-BB1F-8361B0EDD7D1}.Release|x64.Build.0 = Release|x64
		{BA0A2656-204A-4663-BB1F-8361B0EDD7D1}.Release|x86.ActiveCfg = Release|x86
		{BA0A2656-204A-4663-BB1F-8361B0EDD7D1}.Release|x86.Build.0 = Release|x86
	EndGlobalSection
	GlobalSection(SolutionProperties) = preSolution
		HideSolutionNode = FALSE
	EndGlobalSection
	GlobalSection(NestedProjects) = preSolution
		{4E64B22D-3CA5-47C0-9C69-A7CABCF7AA41} = {A1416335-865E-44F0-93F0-2F78714CF30E}
		{7A17C4E8-975D-4C8F-B2EA-06C2FB6A95E1} = {B3A80CC0-E848-4F30-964D-1654DEB9284F}
		{3553F673-3CEA-43F9-AEE4-57452B4198B4} = {B3A80CC0-E848-4F30-964D-1654DEB9284F}
		{C4A5BC86-F708-424B-AD52-B9DDDF469CDD} = {9A8750C3-0CC3-411D-A234-7869E2D54ECD}
		{8A09A2F0-6D15-4FCD-9FE6-8E51293AA37C} = {B3A80CC0-E848-4F30-964D-1654DEB9284F}
		{53C45DDE-A29E-4C31-BFFB-104AD8CDC47C} = {5DA91778-B897-4C1B-8729-885B24CA7455}
		{47B5D12C-8BB5-4276-BD29-3D786210531C} = {53C45DDE-A29E-4C31-BFFB-104AD8CDC47C}
		{F957C6B5-CA50-413C-867F-05CF545F0A72} = {53C45DDE-A29E-4C31-BFFB-104AD8CDC47C}
		{25AAC8F6-1ED1-483B-84D5-551920A27D18} = {9A8750C3-0CC3-411D-A234-7869E2D54ECD}
		{9A8750C3-0CC3-411D-A234-7869E2D54ECD} = {5DA91778-B897-4C1B-8729-885B24CA7455}
		{B3A80CC0-E848-4F30-964D-1654DEB9284F} = {5DA91778-B897-4C1B-8729-885B24CA7455}
		{AF4B6427-E541-48A0-85DD-088C711017AE} = {53C45DDE-A29E-4C31-BFFB-104AD8CDC47C}
		{F301E925-A4E9-47D2-AE59-BD86536C8795} = {DEAEE2A1-118A-4ED7-8CC5-7C446ED97AE3}
		{4146928E-A52C-4E9D-A398-5BF0C4F53662} = {DEAEE2A1-118A-4ED7-8CC5-7C446ED97AE3}
		{DEAEE2A1-118A-4ED7-8CC5-7C446ED97AE3} = {B3A80CC0-E848-4F30-964D-1654DEB9284F}
		{5AFBB1EC-64D1-4ECE-82DC-154CFF2FCB57} = {B3A80CC0-E848-4F30-964D-1654DEB9284F}
		{BA0A2656-204A-4663-BB1F-8361B0EDD7D1} = {B3A80CC0-E848-4F30-964D-1654DEB9284F}
	EndGlobalSection
	GlobalSection(ExtensibilityGlobals) = postSolution
		SolutionGuid = {E5DA52B5-6C04-4C6F-B5E3-3A7441C58986}
	EndGlobalSection
EndGlobal
